
Microsoft Visual Studio Solution File, Format Version 12.00
# Visual Studio Version 16
VisualStudioVersion = 16.0.31112.23
MinimumVisualStudioVersion = 10.0.40219.1
Project("{888888A0-9F3D-457C-B088-3A5042F75D52}") = "number data information", "number data information.pyproj", "{AD771AFE-5514-4A41-B8F4-AE66CF9A9FB0}"
EndProject
Global
	GlobalSection(SolutionConfigurationPlatforms) = preSolution
		Debug|Any CPU = Debug|Any CPU
		Release|Any CPU = Release|Any CPU
	EndGlobalSection
	GlobalSection(ProjectConfigurationPlatforms) = postSolution
		{AD771AFE-5514-4A41-B8F4-AE66CF9A9FB0}.Debug|Any CPU.ActiveCfg = Debug|Any CPU
		{AD771AFE-5514-4A41-B8F4-AE66CF9A9FB0}.Release|Any CPU.ActiveCfg = Release|Any CPU
	EndGlobalSection
	GlobalSection(SolutionProperties) = preSolution
		HideSolutionNode = FALSE
	EndGlobalSection
	GlobalSection(ExtensibilityGlobals) = postSolution
		SolutionGuid = {E75A577F-D6B2-4786-ABE1-CFDB55F924AA}
	EndGlobalSection
EndGlobal
